// !$*UTF8*$!
{
	archiveVersion = 1;
	classes = {
	};
	objectVersion = 56;
	objects = {

/* Begin PBXBuildFile section */
		A3AF0BB62C8682AC00E9470B /* ChatAppApp.swift in Sources */ = {isa = PBXBuildFile; fileRef = A3AF0BB52C8682AC00E9470B /* ChatAppApp.swift */; };
		A3AF0BBA2C8682AE00E9470B /* Assets.xcassets in Resources */ = {isa = PBXBuildFile; fileRef = A3AF0BB92C8682AE00E9470B /* Assets.xcassets */; };
		A3AF0BBD2C8682AE00E9470B /* Preview Assets.xcassets in Resources */ = {isa = PBXBuildFile; fileRef = A3AF0BBC2C8682AE00E9470B /* Preview Assets.xcassets */; };
		A3AF0BC72C8682AE00E9470B /* ChatAppTests.swift in Sources */ = {isa = PBXBuildFile; fileRef = A3AF0BC62C8682AE00E9470B /* ChatAppTests.swift */; };
		A3AF0BD12C8682AE00E9470B /* ChatAppUITests.swift in Sources */ = {isa = PBXBuildFile; fileRef = A3AF0BD02C8682AE00E9470B /* ChatAppUITests.swift */; };
		A3AF0BD32C8682AE00E9470B /* ChatAppUITestsLaunchTests.swift in Sources */ = {isa = PBXBuildFile; fileRef = A3AF0BD22C8682AE00E9470B /* ChatAppUITestsLaunchTests.swift */; };
		A3AF0BE02C86831E00E9470B /* GoogleService-Info.plist in Resources */ = {isa = PBXBuildFile; fileRef = A3AF0BDF2C86831E00E9470B /* GoogleService-Info.plist */; };
		A3AF0BE32C86834100E9470B /* FirebaseAuth in Frameworks */ = {isa = PBXBuildFile; productRef = A3AF0BE22C86834100E9470B /* FirebaseAuth */; };
		A3AF0BE52C86834100E9470B /* FirebaseDatabase in Frameworks */ = {isa = PBXBuildFile; productRef = A3AF0BE42C86834100E9470B /* FirebaseDatabase */; };
		A3AF0BE72C86834100E9470B /* FirebaseFirestore in Frameworks */ = {isa = PBXBuildFile; productRef = A3AF0BE62C86834100E9470B /* FirebaseFirestore */; };
		A3AF0BE92C86834100E9470B /* FirebaseStorage in Frameworks */ = {isa = PBXBuildFile; productRef = A3AF0BE82C86834100E9470B /* FirebaseStorage */; };
		A3AF0BED2C86844B00E9470B /* Profile.swift in Sources */ = {isa = PBXBuildFile; fileRef = A3AF0BEC2C86844B00E9470B /* Profile.swift */; };
		A3AF0BEF2C86846800E9470B /* Userinfo.swift in Sources */ = {isa = PBXBuildFile; fileRef = A3AF0BEE2C86846800E9470B /* Userinfo.swift */; };
		A3AF0BF12C86848500E9470B /* SignUpPage.swift in Sources */ = {isa = PBXBuildFile; fileRef = A3AF0BF02C86848500E9470B /* SignUpPage.swift */; };
		A3AF0BF32C8684A700E9470B /* LoginPage.swift in Sources */ = {isa = PBXBuildFile; fileRef = A3AF0BF22C8684A700E9470B /* LoginPage.swift */; };
		A3AF0BF52C8684C000E9470B /* MainPage.swift in Sources */ = {isa = PBXBuildFile; fileRef = A3AF0BF42C8684C000E9470B /* MainPage.swift */; };
/* End PBXBuildFile section */

/* Begin PBXContainerItemProxy section */
		A3AF0BC32C8682AE00E9470B /* PBXContainerItemProxy */ = {
			isa = PBXContainerItemProxy;
			containerPortal = A3AF0BAA2C8682AC00E9470B /* Project object */;
			proxyType = 1;
			remoteGlobalIDString = A3AF0BB12C8682AC00E9470B;
			remoteInfo = ChatApp;
		};
		A3AF0BCD2C8682AE00E9470B /* PBXContainerItemProxy */ = {
			isa = PBXContainerItemProxy;
			containerPortal = A3AF0BAA2C8682AC00E9470B /* Project object */;
			proxyType = 1;
			remoteGlobalIDString = A3AF0BB12C8682AC00E9470B;
			remoteInfo = ChatApp;
		};
/* End PBXContainerItemProxy section */

/* Begin PBXFileReference section */
		A3AF0BB22C8682AC00E9470B /* ChatApp.app */ = {isa = PBXFileReference; explicitFileType = wrapper.application; includeInIndex = 0; path = ChatApp.app; sourceTree = BUILT_PRODUCTS_DIR; };
		A3AF0BB52C8682AC00E9470B /* ChatAppApp.swift */ = {isa = PBXFileReference; lastKnownFileType = sourcecode.swift; path = ChatAppApp.swift; sourceTree = "<group>"; };
		A3AF0BB92C8682AE00E9470B /* Assets.xcassets */ = {isa = PBXFileReference; lastKnownFileType = folder.assetcatalog; path = Assets.xcassets; sourceTree = "<group>"; };
		A3AF0BBC2C8682AE00E9470B /* Preview Assets.xcassets */ = {isa = PBXFileReference; lastKnownFileType = folder.assetcatalog; path = "Preview Assets.xcassets"; sourceTree = "<group>"; };
		A3AF0BC22C8682AE00E9470B /* ChatAppTests.xctest */ = {isa = PBXFileReference; explicitFileType = wrapper.cfbundle; includeInIndex = 0; path = ChatAppTests.xctest; sourceTree = BUILT_PRODUCTS_DIR; };
		A3AF0BC62C8682AE00E9470B /* ChatAppTests.swift */ = {isa = PBXFileReference; lastKnownFileType = sourcecode.swift; path = ChatAppTests.swift; sourceTree = "<group>"; };
		A3AF0BCC2C8682AE00E9470B /* ChatAppUITests.xctest */ = {isa = PBXFileReference; explicitFileType = wrapper.cfbundle; includeInIndex = 0; path = ChatAppUITests.xctest; sourceTree = BUILT_PRODUCTS_DIR; };
		A3AF0BD02C8682AE00E9470B /* ChatAppUITests.swift */ = {isa = PBXFileReference; lastKnownFileType = sourcecode.swift; path = ChatAppUITests.swift; sourceTree = "<group>"; };
		A3AF0BD22C8682AE00E9470B /* ChatAppUITestsLaunchTests.swift */ = {isa = PBXFileReference; lastKnownFileType = sourcecode.swift; path = ChatAppUITestsLaunchTests.swift; sourceTree = "<group>"; };
		A3AF0BDF2C86831E00E9470B /* GoogleService-Info.plist */ = {isa = PBXFileReference; fileEncoding = 4; lastKnownFileType = text.plist.xml; name = "GoogleService-Info.plist"; path = "../../ChatAppThings/GoogleService-Info.plist"; sourceTree = "<group>"; };
		A3AF0BEC2C86844B00E9470B /* Profile.swift */ = {isa = PBXFileReference; lastKnownFileType = sourcecode.swift; path = Profile.swift; sourceTree = "<group>"; };
		A3AF0BEE2C86846800E9470B /* Userinfo.swift */ = {isa = PBXFileReference; lastKnownFileType = sourcecode.swift; path = Userinfo.swift; sourceTree = "<group>"; };
		A3AF0BF02C86848500E9470B /* SignUpPage.swift */ = {isa = PBXFileReference; lastKnownFileType = sourcecode.swift; path = SignUpPage.swift; sourceTree = "<group>"; };
		A3AF0BF22C8684A700E9470B /* LoginPage.swift */ = {isa = PBXFileReference; lastKnownFileType = sourcecode.swift; path = LoginPage.swift; sourceTree = "<group>"; };
		A3AF0BF42C8684C000E9470B /* MainPage.swift */ = {isa = PBXFileReference; lastKnownFileType = sourcecode.swift; path = MainPage.swift; sourceTree = "<group>"; };
/* End PBXFileReference section */

/* Begin PBXFrameworksBuildPhase section */
		A3AF0BAF2C8682AC00E9470B /* Frameworks */ = {
			isa = PBXFrameworksBuildPhase;
			buildActionMask = 2147483647;
			files = (
				A3AF0BE52C86834100E9470B /* FirebaseDatabase in Frameworks */,
				A3AF0BE92C86834100E9470B /* FirebaseStorage in Frameworks */,
				A3AF0BE32C86834100E9470B /* FirebaseAuth in Frameworks */,
				A3AF0BE72C86834100E9470B /* FirebaseFirestore in Frameworks */,
			);
			runOnlyForDeploymentPostprocessing = 0;
		};
		A3AF0BBF2C8682AE00E9470B /* Frameworks */ = {
			isa = PBXFrameworksBuildPhase;
			buildActionMask = 2147483647;
			files = (
			);
			runOnlyForDeploymentPostprocessing = 0;
		};
		A3AF0BC92C8682AE00E9470B /* Frameworks */ = {
			isa = PBXFrameworksBuildPhase;
			buildActionMask = 2147483647;
			files = (
			);
			runOnlyForDeploymentPostprocessing = 0;
		};
/* End PBXFrameworksBuildPhase section */

/* Begin PBXGroup section */
		A3AF0BA92C8682AC00E9470B = {
			isa = PBXGroup;
			children = (
				A3AF0BB42C8682AC00E9470B /* ChatApp */,
				A3AF0BC52C8682AE00E9470B /* ChatAppTests */,
				A3AF0BCF2C8682AE00E9470B /* ChatAppUITests */,
				A3AF0BB32C8682AC00E9470B /* Products */,
			);
			sourceTree = "<group>";
		};
		A3AF0BB32C8682AC00E9470B /* Products */ = {
			isa = PBXGroup;
			children = (
				A3AF0BB22C8682AC00E9470B /* ChatApp.app */,
				A3AF0BC22C8682AE00E9470B /* ChatAppTests.xctest */,
				A3AF0BCC2C8682AE00E9470B /* ChatAppUITests.xctest */,
			);
			name = Products;
			sourceTree = "<group>";
		};
		A3AF0BB42C8682AC00E9470B /* ChatApp */ = {
			isa = PBXGroup;
			children = (
				A3AF0BF02C86848500E9470B /* SignUpPage.swift */,
				A3AF0BF22C8684A700E9470B /* LoginPage.swift */,
				A3AF0BF42C8684C000E9470B /* MainPage.swift */,
				A3AF0BEE2C86846800E9470B /* Userinfo.swift */,
				A3AF0BEC2C86844B00E9470B /* Profile.swift */,
				A3AF0BB52C8682AC00E9470B /* ChatAppApp.swift */,
				A3AF0BDF2C86831E00E9470B /* GoogleService-Info.plist */,
				A3AF0BB92C8682AE00E9470B /* Assets.xcassets */,
				A3AF0BBB2C8682AE00E9470B /* Preview Content */,
			);
			path = ChatApp;
			sourceTree = "<group>";
		};
		A3AF0BBB2C8682AE00E9470B /* Preview Content */ = {
			isa = PBXGroup;
			children = (
				A3AF0BBC2C8682AE00E9470B /* Preview Assets.xcassets */,
			);
			path = "Preview Content";
			sourceTree = "<group>";
		};
		A3AF0BC52C8682AE00E9470B /* ChatAppTests */ = {
			isa = PBXGroup;
			children = (
				A3AF0BC62C8682AE00E9470B /* ChatAppTests.swift */,
			);
			path = ChatAppTests;
			sourceTree = "<group>";
		};
		A3AF0BCF2C8682AE00E9470B /* ChatAppUITests */ = {
			isa = PBXGroup;
			children = (
				A3AF0BD02C8682AE00E9470B /* ChatAppUITests.swift */,
				A3AF0BD22C8682AE00E9470B /* ChatAppUITestsLaunchTests.swift */,
			);
			path = ChatAppUITests;
			sourceTree = "<group>";
		};
/* End PBXGroup section */

/* Begin PBXNativeTarget section */
		A3AF0BB12C8682AC00E9470B /* ChatApp */ = {
			isa = PBXNativeTarget;
			buildConfigurationList = A3AF0BD62C8682AE00E9470B /* Build configuration list for PBXNativeTarget "ChatApp" */;
			buildPhases = (
				A3AF0BAE2C8682AC00E9470B /* Sources */,
				A3AF0BAF2C8682AC00E9470B /* Frameworks */,
				A3AF0BB02C8682AC00E9470B /* Resources */,
			);
			buildRules = (
			);
			dependencies = (
			);
			name = ChatApp;
			packageProductDependencies = (
				A3AF0BE22C86834100E9470B /* FirebaseAuth */,
				A3AF0BE42C86834100E9470B /* FirebaseDatabase */,
				A3AF0BE62C86834100E9470B /* FirebaseFirestore */,
				A3AF0BE82C86834100E9470B /* FirebaseStorage */,
			);
			productName = ChatApp;
			productReference = A3AF0BB22C8682AC00E9470B /* ChatApp.app */;
			productType = "com.apple.product-type.application";
		};
		A3AF0BC12C8682AE00E9470B /* ChatAppTests */ = {
			isa = PBXNativeTarget;
			buildConfigurationList = A3AF0BD92C8682AE00E9470B /* Build configuration list for PBXNativeTarget "ChatAppTests" */;
			buildPhases = (
				A3AF0BBE2C8682AE00E9470B /* Sources */,
				A3AF0BBF2C8682AE00E9470B /* Frameworks */,
				A3AF0BC02C8682AE00E9470B /* Resources */,
			);
			buildRules = (
			);
			dependencies = (
				A3AF0BC42C8682AE00E9470B /* PBXTargetDependency */,
			);
			name = ChatAppTests;
			productName = ChatAppTests;
			productReference = A3AF0BC22C8682AE00E9470B /* ChatAppTests.xctest */;
			productType = "com.apple.product-type.bundle.unit-test";
		};
		A3AF0BCB2C8682AE00E9470B /* ChatAppUITests */ = {
			isa = PBXNativeTarget;
			buildConfigurationList = A3AF0BDC2C8682AE00E9470B /* Build configuration list for PBXNativeTarget "ChatAppUITests" */;
			buildPhases = (
				A3AF0BC82C8682AE00E9470B /* Sources */,
				A3AF0BC92C8682AE00E9470B /* Frameworks */,
				A3AF0BCA2C8682AE00E9470B /* Resources */,
			);
			buildRules = (
			);
			dependencies = (
				A3AF0BCE2C8682AE00E9470B /* PBXTargetDependency */,
			);
			name = ChatAppUITests;
			productName = ChatAppUITests;
			productReference = A3AF0BCC2C8682AE00E9470B /* ChatAppUITests.xctest */;
			productType = "com.apple.product-type.bundle.ui-testing";
		};
/* End PBXNativeTarget section */

/* Begin PBXProject section */
		A3AF0BAA2C8682AC00E9470B /* Project object */ = {
			isa = PBXProject;
			attributes = {
				BuildIndependentTargetsInParallel = 1;
				LastSwiftUpdateCheck = 1540;
				LastUpgradeCheck = 1540;
				TargetAttributes = {
					A3AF0BB12C8682AC00E9470B = {
						CreatedOnToolsVersion = 15.4;
					};
					A3AF0BC12C8682AE00E9470B = {
						CreatedOnToolsVersion = 15.4;
						TestTargetID = A3AF0BB12C8682AC00E9470B;
					};
					A3AF0BCB2C8682AE00E9470B = {
						CreatedOnToolsVersion = 15.4;
						TestTargetID = A3AF0BB12C8682AC00E9470B;
					};
				};
			};
			buildConfigurationList = A3AF0BAD2C8682AC00E9470B /* Build configuration list for PBXProject "ChatApp" */;
			compatibilityVersion = "Xcode 14.0";
			developmentRegion = en;
			hasScannedForEncodings = 0;
			knownRegions = (
				en,
				Base,
			);
			mainGroup = A3AF0BA92C8682AC00E9470B;
			packageReferences = (
				A3AF0BE12C86834100E9470B /* XCRemoteSwiftPackageReference "firebase-ios-sdk" */,
			);
			productRefGroup = A3AF0BB32C8682AC00E9470B /* Products */;
			projectDirPath = "";
			projectRoot = "";
			targets = (
				A3AF0BB12C8682AC00E9470B /* ChatApp */,
				A3AF0BC12C8682AE00E9470B /* ChatAppTests */,
				A3AF0BCB2C8682AE00E9470B /* ChatAppUITests */,
			);
		};
/* End PBXProject section */

/* Begin PBXResourcesBuildPhase section */
		A3AF0BB02C8682AC00E9470B /* Resources */ = {
			isa = PBXResourcesBuildPhase;
			buildActionMask = 2147483647;
			files = (
				A3AF0BBD2C8682AE00E9470B /* Preview Assets.xcassets in Resources */,
				A3AF0BBA2C8682AE00E9470B /* Assets.xcassets in Resources */,
				A3AF0BE02C86831E00E9470B /* GoogleService-Info.plist in Resources */,
			);
			runOnlyForDeploymentPostprocessing = 0;
		};
		A3AF0BC02C8682AE00E9470B /* Resources */ = {
			isa = PBXResourcesBuildPhase;
			buildActionMask = 2147483647;
			files = (
			);
			runOnlyForDeploymentPostprocessing = 0;
		};
		A3AF0BCA2C8682AE00E9470B /* Resources */ = {
			isa = PBXResourcesBuildPhase;
			buildActionMask = 2147483647;
			files = (
			);
			runOnlyForDeploymentPostprocessing = 0;
		};
/* End PBXResourcesBuildPhase section */

/* Begin PBXSourcesBuildPhase section */
		A3AF0BAE2C8682AC00E9470B /* Sources */ = {
			isa = PBXSourcesBuildPhase;
			buildActionMask = 2147483647;
			files = (
				A3AF0BEF2C86846800E9470B /* Userinfo.swift in Sources */,
				A3AF0BB62C8682AC00E9470B /* ChatAppApp.swift in Sources */,
				A3AF0BF12C86848500E9470B /* SignUpPage.swift in Sources */,
				A3AF0BF32C8684A700E9470B /* LoginPage.swift in Sources */,
				A3AF0BED2C86844B00E9470B /* Profile.swift in Sources */,
				A3AF0BF52C8684C000E9470B /* MainPage.swift in Sources */,
			);
			runOnlyForDeploymentPostprocessing = 0;
		};
		A3AF0BBE2C8682AE00E9470B /* Sources */ = {
			isa = PBXSourcesBuildPhase;
			buildActionMask = 2147483647;
			files = (
				A3AF0BC72C8682AE00E9470B /* ChatAppTests.swift in Sources */,
			);
			runOnlyForDeploymentPostprocessing = 0;
		};
		A3AF0BC82C8682AE00E9470B /* Sources */ = {
			isa = PBXSourcesBuildPhase;
			buildActionMask = 2147483647;
			files = (
				A3AF0BD32C8682AE00E9470B /* ChatAppUITestsLaunchTests.swift in Sources */,
				A3AF0BD12C8682AE00E9470B /* ChatAppUITests.swift in Sources */,
			);
			runOnlyForDeploymentPostprocessing = 0;
		};
/* End PBXSourcesBuildPhase section */

/* Begin PBXTargetDependency section */
		A3AF0BC42C8682AE00E9470B /* PBXTargetDependency */ = {
			isa = PBXTargetDependency;
			target = A3AF0BB12C8682AC00E9470B /* ChatApp */;
			targetProxy = A3AF0BC32C8682AE00E9470B /* PBXContainerItemProxy */;
		};
		A3AF0BCE2C8682AE00E9470B /* PBXTargetDependency */ = {
			isa = PBXTargetDependency;
			target = A3AF0BB12C8682AC00E9470B /* ChatApp */;
			targetProxy = A3AF0BCD2C8682AE00E9470B /* PBXContainerItemProxy */;
		};
/* End PBXTargetDependency section */

/* Begin XCBuildConfiguration section */
		A3AF0BD42C8682AE00E9470B /* Debug */ = {
			isa = XCBuildConfiguration;
			buildSettings = {
				ALWAYS_SEARCH_USER_PATHS = NO;
				ASSETCATALOG_COMPILER_GENERATE_SWIFT_ASSET_SYMBOL_EXTENSIONS = YES;
				CLANG_ANALYZER_NONNULL = YES;
				CLANG_ANALYZER_NUMBER_OBJECT_CONVERSION = YES_AGGRESSIVE;
				CLANG_CXX_LANGUAGE_STANDARD = "gnu++20";
				CLANG_ENABLE_MODULES = YES;
				CLANG_ENABLE_OBJC_ARC = YES;
				CLANG_ENABLE_OBJC_WEAK = YES;
				CLANG_WARN_BLOCK_CAPTURE_AUTORELEASING = YES;
				CLANG_WARN_BOOL_CONVERSION = YES;
				CLANG_WARN_COMMA = YES;
				CLANG_WARN_CONSTANT_CONVERSION = YES;
				CLANG_WARN_DEPRECATED_OBJC_IMPLEMENTATIONS = YES;
				CLANG_WARN_DIRECT_OBJC_ISA_USAGE = YES_ERROR;
				CLANG_WARN_DOCUMENTATION_COMMENTS = YES;
				CLANG_WARN_EMPTY_BODY = YES;
				CLANG_WARN_ENUM_CONVERSION = YES;
				CLANG_WARN_INFINITE_RECURSION = YES;
				CLANG_WARN_INT_CONVERSION = YES;
				CLANG_WARN_NON_LITERAL_NULL_CONVERSION = YES;
				CLANG_WARN_OBJC_IMPLICIT_RETAIN_SELF = YES;
				CLANG_WARN_OBJC_LITERAL_CONVERSION = YES;
				CLANG_WARN_OBJC_ROOT_CLASS = YES_ERROR;
				CLANG_WARN_QUOTED_INCLUDE_IN_FRAMEWORK_HEADER = YES;
				CLANG_WARN_RANGE_LOOP_ANALYSIS = YES;
				CLANG_WARN_STRICT_PROTOTYPES = YES;
				CLANG_WARN_SUSPICIOUS_MOVE = YES;
				CLANG_WARN_UNGUARDED_AVAILABILITY = YES_AGGRESSIVE;
				CLANG_WARN_UNREACHABLE_CODE = YES;
				CLANG_WARN__DUPLICATE_METHOD_MATCH = YES;
				COPY_PHASE_STRIP = NO;
				DEBUG_INFORMATION_FORMAT = dwarf;
				ENABLE_STRICT_OBJC_MSGSEND = YES;
				ENABLE_TESTABILITY = YES;
				ENABLE_USER_SCRIPT_SANDBOXING = YES;
				GCC_C_LANGUAGE_STANDARD = gnu17;
				GCC_DYNAMIC_NO_PIC = NO;
				GCC_NO_COMMON_BLOCKS = YES;
				GCC_OPTIMIZATION_LEVEL = 0;
				GCC_PREPROCESSOR_DEFINITIONS = (
					"DEBUG=1",
					"$(inherited)",
				);
				GCC_WARN_64_TO_32_BIT_CONVERSION = YES;
				GCC_WARN_ABOUT_RETURN_TYPE = YES_ERROR;
				GCC_WARN_UNDECLARED_SELECTOR = YES;
				GCC_WARN_UNINITIALIZED_AUTOS = YES_AGGRESSIVE;
				GCC_WARN_UNUSED_FUNCTION = YES;
				GCC_WARN_UNUSED_VARIABLE = YES;
				IPHONEOS_DEPLOYMENT_TARGET = 17.5;
				LOCALIZATION_PREFERS_STRING_CATALOGS = YES;
				MTL_ENABLE_DEBUG_INFO = INCLUDE_SOURCE;
				MTL_FAST_MATH = YES;
				ONLY_ACTIVE_ARCH = YES;
				SDKROOT = iphoneos;
				SWIFT_ACTIVE_COMPILATION_CONDITIONS = "DEBUG $(inherited)";
				SWIFT_OPTIMIZATION_LEVEL = "-Onone";
			};
			name = Debug;
		};
		A3AF0BD52C8682AE00E9470B /* Release */ = {
			isa = XCBuildConfiguration;
			buildSettings = {
				ALWAYS_SEARCH_USER_PATHS = NO;
				ASSETCATALOG_COMPILER_GENERATE_SWIFT_ASSET_SYMBOL_EXTENSIONS = YES;
				CLANG_ANALYZER_NONNULL = YES;
				CLANG_ANALYZER_NUMBER_OBJECT_CONVERSION = YES_AGGRESSIVE;
				CLANG_CXX_LANGUAGE_STANDARD = "gnu++20";
				CLANG_ENABLE_MODULES = YES;
				CLANG_ENABLE_OBJC_ARC = YES;
				CLANG_ENABLE_OBJC_WEAK = YES;
				CLANG_WARN_BLOCK_CAPTURE_AUTORELEASING = YES;
				CLANG_WARN_BOOL_CONVERSION = YES;
				CLANG_WARN_COMMA = YES;
				CLANG_WARN_CONSTANT_CONVERSION = YES;
				CLANG_WARN_DEPRECATED_OBJC_IMPLEMENTATIONS = YES;
				CLANG_WARN_DIRECT_OBJC_ISA_USAGE = YES_ERROR;
				CLANG_WARN_DOCUMENTATION_COMMENTS = YES;
				CLANG_WARN_EMPTY_BODY = YES;
				CLANG_WARN_ENUM_CONVERSION = YES;
				CLANG_WARN_INFINITE_RECURSION = YES;
				CLANG_WARN_INT_CONVERSION = YES;
				CLANG_WARN_NON_LITERAL_NULL_CONVERSION = YES;
				CLANG_WARN_OBJC_IMPLICIT_RETAIN_SELF = YES;
				CLANG_WARN_OBJC_LITERAL_CONVERSION = YES;
				CLANG_WARN_OBJC_ROOT_CLASS = YES_ERROR;
				CLANG_WARN_QUOTED_INCLUDE_IN_FRAMEWORK_HEADER = YES;
				CLANG_WARN_RANGE_LOOP_ANALYSIS = YES;
				CLANG_WARN_STRICT_PROTOTYPES = YES;
				CLANG_WARN_SUSPICIOUS_MOVE = YES;
				CLANG_WARN_UNGUARDED_AVAILABILITY = YES_AGGRESSIVE;
				CLANG_WARN_UNREACHABLE_CODE = YES;
				CLANG_WARN__DUPLICATE_METHOD_MATCH = YES;
				COPY_PHASE_STRIP = NO;
				DEBUG_INFORMATION_FORMAT = "dwarf-with-dsym";
				ENABLE_NS_ASSERTIONS = NO;
				ENABLE_STRICT_OBJC_MSGSEND = YES;
				ENABLE_USER_SCRIPT_SANDBOXING = YES;
				GCC_C_LANGUAGE_STANDARD = gnu17;
				GCC_NO_COMMON_BLOCKS = YES;
				GCC_WARN_64_TO_32_BIT_CONVERSION = YES;
				GCC_WARN_ABOUT_RETURN_TYPE = YES_ERROR;
				GCC_WARN_UNDECLARED_SELECTOR = YES;
				GCC_WARN_UNINITIALIZED_AUTOS = YES_AGGRESSIVE;
				GCC_WARN_UNUSED_FUNCTION = YES;
				GCC_WARN_UNUSED_VARIABLE = YES;
				IPHONEOS_DEPLOYMENT_TARGET = 17.5;
				LOCALIZATION_PREFERS_STRING_CATALOGS = YES;
				MTL_ENABLE_DEBUG_INFO = NO;
				MTL_FAST_MATH = YES;
				SDKROOT = iphoneos;
				SWIFT_COMPILATION_MODE = wholemodule;
				VALIDATE_PRODUCT = YES;
			};
			name = Release;
		};
		A3AF0BD72C8682AE00E9470B /* Debug */ = {
			isa = XCBuildConfiguration;
			buildSettings = {
				ASSETCATALOG_COMPILER_APPICON_NAME = AppIcon;
				ASSETCATALOG_COMPILER_GLOBAL_ACCENT_COLOR_NAME = AccentColor;
				CODE_SIGN_STYLE = Automatic;
				CURRENT_PROJECT_VERSION = 1;
				DEVELOPMENT_ASSET_PATHS = "\"ChatApp/Preview Content\"";
				DEVELOPMENT_TEAM = 686L4TXLDH;
				ENABLE_PREVIEWS = YES;
				GENERATE_INFOPLIST_FILE = YES;
				INFOPLIST_KEY_UIApplicationSceneManifest_Generation = YES;
				INFOPLIST_KEY_UIApplicationSupportsIndirectInputEvents = YES;
				INFOPLIST_KEY_UILaunchScreen_Generation = YES;
				INFOPLIST_KEY_UISupportedInterfaceOrientations_iPad = "UIInterfaceOrientationPortrait UIInterfaceOrientationPortraitUpsideDown UIInterfaceOrientationLandscapeLeft UIInterfaceOrientationLandscapeRight";
				INFOPLIST_KEY_UISupportedInterfaceOrientations_iPhone = "UIInterfaceOrientationPortrait UIInterfaceOrientationLandscapeLeft UIInterfaceOrientationLandscapeRight";
				LD_RUNPATH_SEARCH_PATHS = (
					"$(inherited)",
					"@executable_path/Frameworks",
				);
				MARKETING_VERSION = 1.0;
				PRODUCT_BUNDLE_IDENTIFIER = com.SedatYildiz.ChatApp;
				PRODUCT_NAME = "$(TARGET_NAME)";
				SWIFT_EMIT_LOC_STRINGS = YES;
				SWIFT_VERSION = 5.0;
				TARGETED_DEVICE_FAMILY = "1,2";
			};
			name = Debug;
		};
		A3AF0BD82C8682AE00E9470B /* Release */ = {
			isa = XCBuildConfiguration;
			buildSettings = {
				ASSETCATALOG_COMPILER_APPICON_NAME = AppIcon;
				ASSETCATALOG_COMPILER_GLOBAL_ACCENT_COLOR_NAME = AccentColor;
				CODE_SIGN_STYLE = Automatic;
				CURRENT_PROJECT_VERSION = 1;
				DEVELOPMENT_ASSET_PATHS = "\"ChatApp/Preview Content\"";
				DEVELOPMENT_TEAM = 686L4TXLDH;
				ENABLE_PREVIEWS = YES;
				GENERATE_INFOPLIST_FILE = YES;
				INFOPLIST_KEY_UIApplicationSceneManifest_Generation = YES;
				INFOPLIST_KEY_UIApplicationSupportsIndirectInputEvents = YES;
				INFOPLIST_KEY_UILaunchScreen_Generation = YES;
				INFOPLIST_KEY_UISupportedInterfaceOrientations_iPad = "UIInterfaceOrientationPortrait UIInterfaceOrientationPortraitUpsideDown UIInterfaceOrientationLandscapeLeft UIInterfaceOrientationLandscapeRight";
				INFOPLIST_KEY_UISupportedInterfaceOrientations_iPhone = "UIInterfaceOrientationPortrait UIInterfaceOrientationLandscapeLeft UIInterfaceOrientationLandscapeRight";
				LD_RUNPATH_SEARCH_PATHS = (
					"$(inherited)",
					"@executable_path/Frameworks",
				);
				MARKETING_VERSION = 1.0;
				PRODUCT_BUNDLE_IDENTIFIER = com.SedatYildiz.ChatApp;
				PRODUCT_NAME = "$(TARGET_NAME)";
				SWIFT_EMIT_LOC_STRINGS = YES;
				SWIFT_VERSION = 5.0;
				TARGETED_DEVICE_FAMILY = "1,2";
			};
			name = Release;
		};
		A3AF0BDA2C8682AE00E9470B /* Debug */ = {
			isa = XCBuildConfiguration;
			buildSettings = {
				ALWAYS_EMBED_SWIFT_STANDARD_LIBRARIES = YES;
				BUNDLE_LOADER = "$(TEST_HOST)";
				CODE_SIGN_STYLE = Automatic;
				CURRENT_PROJECT_VERSION = 1;
				DEVELOPMENT_TEAM = 686L4TXLDH;
				GENERATE_INFOPLIST_FILE = YES;
				IPHONEOS_DEPLOYMENT_TARGET = 17.5;
				MARKETING_VERSION = 1.0;
				PRODUCT_BUNDLE_IDENTIFIER = com.SedatYildiz.ChatAppTests;
				PRODUCT_NAME = "$(TARGET_NAME)";
				SWIFT_EMIT_LOC_STRINGS = NO;
				SWIFT_VERSION = 5.0;
				TARGETED_DEVICE_FAMILY = "1,2";
				TEST_HOST = "$(BUILT_PRODUCTS_DIR)/ChatApp.app/$(BUNDLE_EXECUTABLE_FOLDER_PATH)/ChatApp";
			};
			name = Debug;
		};
		A3AF0BDB2C8682AE00E9470B /* Release */ = {
			isa = XCBuildConfiguration;
			buildSettings = {
				ALWAYS_EMBED_SWIFT_STANDARD_LIBRARIES = YES;
				BUNDLE_LOADER = "$(TEST_HOST)";
				CODE_SIGN_STYLE = Automatic;
				CURRENT_PROJECT_VERSION = 1;
				DEVELOPMENT_TEAM = 686L4TXLDH;
				GENERATE_INFOPLIST_FILE = YES;
				IPHONEOS_DEPLOYMENT_TARGET = 17.5;
				MARKETING_VERSION = 1.0;
				PRODUCT_BUNDLE_IDENTIFIER = com.SedatYildiz.ChatAppTests;
				PRODUCT_NAME = "$(TARGET_NAME)";
				SWIFT_EMIT_LOC_STRINGS = NO;
				SWIFT_VERSION = 5.0;
				TARGETED_DEVICE_FAMILY = "1,2";
				TEST_HOST = "$(BUILT_PRODUCTS_DIR)/ChatApp.app/$(BUNDLE_EXECUTABLE_FOLDER_PATH)/ChatApp";
			};
			name = Release;
		};
		A3AF0BDD2C8682AE00E9470B /* Debug */ = {
			isa = XCBuildConfiguration;
			buildSettings = {
				ALWAYS_EMBED_SWIFT_STANDARD_LIBRARIES = YES;
				CODE_SIGN_STYLE = Automatic;
				CURRENT_PROJECT_VERSION = 1;
				DEVELOPMENT_TEAM = 686L4TXLDH;
				GENERATE_INFOPLIST_FILE = YES;
				MARKETING_VERSION = 1.0;
				PRODUCT_BUNDLE_IDENTIFIER = com.SedatYildiz.ChatAppUITests;
				PRODUCT_NAME = "$(TARGET_NAME)";
				SWIFT_EMIT_LOC_STRINGS = NO;
				SWIFT_VERSION = 5.0;
				TARGETED_DEVICE_FAMILY = "1,2";
				TEST_TARGET_NAME = ChatApp;
			};
			name = Debug;
		};
		A3AF0BDE2C8682AE00E9470B /* Release */ = {
			isa = XCBuildConfiguration;
			buildSettings = {
				ALWAYS_EMBED_SWIFT_STANDARD_LIBRARIES = YES;
				CODE_SIGN_STYLE = Automatic;
				CURRENT_PROJECT_VERSION = 1;
				DEVELOPMENT_TEAM = 686L4TXLDH;
				GENERATE_INFOPLIST_FILE = YES;
				MARKETING_VERSION = 1.0;
				PRODUCT_BUNDLE_IDENTIFIER = com.SedatYildiz.ChatAppUITests;
				PRODUCT_NAME = "$(TARGET_NAME)";
				SWIFT_EMIT_LOC_STRINGS = NO;
				SWIFT_VERSION = 5.0;
				TARGETED_DEVICE_FAMILY = "1,2";
				TEST_TARGET_NAME = ChatApp;
			};
			name = Release;
		};
/* End XCBuildConfiguration section */

/* Begin XCConfigurationList section */
		A3AF0BAD2C8682AC00E9470B /* Build configuration list for PBXProject "ChatApp" */ = {
			isa = XCConfigurationList;
			buildConfigurations = (
				A3AF0BD42C8682AE00E9470B /* Debug */,
				A3AF0BD52C8682AE00E9470B /* Release */,
			);
			defaultConfigurationIsVisible = 0;
			defaultConfigurationName = Release;
		};
		A3AF0BD62C8682AE00E9470B /* Build configuration list for PBXNativeTarget "ChatApp" */ = {
			isa = XCConfigurationList;
			buildConfigurations = (
				A3AF0BD72C8682AE00E9470B /* Debug */,
				A3AF0BD82C8682AE00E9470B /* Release */,
			);
			defaultConfigurationIsVisible = 0;
			defaultConfigurationName = Release;
		};
		A3AF0BD92C8682AE00E9470B /* Build configuration list for PBXNativeTarget "ChatAppTests" */ = {
			isa = XCConfigurationList;
			buildConfigurations = (
				A3AF0BDA2C8682AE00E9470B /* Debug */,
				A3AF0BDB2C8682AE00E9470B /* Release */,
			);
			defaultConfigurationIsVisible = 0;
			defaultConfigurationName = Release;
		};
		A3AF0BDC2C8682AE00E9470B /* Build configuration list for PBXNativeTarget "ChatAppUITests" */ = {
			isa = XCConfigurationList;
			buildConfigurations = (
				A3AF0BDD2C8682AE00E9470B /* Debug */,
				A3AF0BDE2C8682AE00E9470B /* Release */,
			);
			defaultConfigurationIsVisible = 0;
			defaultConfigurationName = Release;
		};
/* End XCConfigurationList section */

/* Begin XCRemoteSwiftPackageReference section */
		A3AF0BE12C86834100E9470B /* XCRemoteSwiftPackageReference "firebase-ios-sdk" */ = {
			isa = XCRemoteSwiftPackageReference;
			repositoryURL = "https://github.com/firebase/firebase-ios-sdk.git";
			requirement = {
				kind = upToNextMajorVersion;
				minimumVersion = 11.1.0;
			};
		};
/* End XCRemoteSwiftPackageReference section */

/* Begin XCSwiftPackageProductDependency section */
		A3AF0BE22C86834100E9470B /* FirebaseAuth */ = {
			isa = XCSwiftPackageProductDependency;
			package = A3AF0BE12C86834100E9470B /* XCRemoteSwiftPackageReference "firebase-ios-sdk" */;
			productName = FirebaseAuth;
		};
		A3AF0BE42C86834100E9470B /* FirebaseDatabase */ = {
			isa = XCSwiftPackageProductDependency;
			package = A3AF0BE12C86834100E9470B /* XCRemoteSwiftPackageReference "firebase-ios-sdk" */;
			productName = FirebaseDatabase;
		};
		A3AF0BE62C86834100E9470B /* FirebaseFirestore */ = {
			isa = XCSwiftPackageProductDependency;
			package = A3AF0BE12C86834100E9470B /* XCRemoteSwiftPackageReference "firebase-ios-sdk" */;
			productName = FirebaseFirestore;
		};
		A3AF0BE82C86834100E9470B /* FirebaseStorage */ = {
			isa = XCSwiftPackageProductDependency;
			package = A3AF0BE12C86834100E9470B /* XCRemoteSwiftPackageReference "firebase-ios-sdk" */;
			productName = FirebaseStorage;
		};
/* End XCSwiftPackageProductDependency section */
	};
	rootObject = A3AF0BAA2C8682AC00E9470B /* Project object */;
}
